# This file is automatically @generated by Poetry 1.8.2 and should not be changed by hand.

[[package]]
name = "jeepney"
version = "0.8.0"
description = "Low-level, pure Python DBus protocol wrapper."
optional = false
python-versions = ">=3.7"
files = [
    {file = "jeepney-0.8.0-py3-none-any.whl", hash = "sha256:c0a454ad016ca575060802ee4d590dd912e35c122fa04e70306de3d076cce755"},
    {file = "jeepney-0.8.0.tar.gz", hash = "sha256:5efe48d255973902f6badc3ce55e2aa6c5c3b3bc642059ef3a91247bcfcc5806"},
]

[package.extras]
test = ["async-timeout", "pytest", "pytest-asyncio (>=0.17)", "pytest-trio", "testpath", "trio"]
trio = ["async_generator", "trio"]

[metadata]
lock-version = "2.0"
python-versions = "^3.12"
content-hash = "65b5d5f3cb378eb07f77ac288b1d7c37a7b65771a9d8fe729082e62f9b9e494e"
